
Microsoft Visual Studio Solution File, Format Version 12.00
# Visual Studio 15
VisualStudioVersion = 15.0.28010.2016
MinimumVisualStudioVersion = 10.0.40219.1
Project("{FAE04EC0-301F-11D3-BF4B-00C04F79EFBC}") = "RandoChoose", "RandoChoose\RandoChoose.csproj", "{6637A20C-8D38-481E-B65D-FE7E9C446E41}"
EndProject
Project("{FAE04EC0-301F-11D3-BF4B-00C04F79EFBC}") = "RandoFormat", "RandoFormat\RandoFormat.csproj", "{5F8F61AE-94D3-4E0E-A2B6-8C4BB8BEC750}"
EndProject
Project("{FAE04EC0-301F-11D3-BF4B-00C04F79EFBC}") = "RMGLibrary", "..\RMGBases\RMGLibrary\RMGLibrary.csproj", "{B8AE881B-883D-4C29-9BFA-4EC259ED4248}"
EndProject
Global
	GlobalSection(SolutionConfigurationPlatforms) = preSolution
		Debug|Any CPU = Debug|Any CPU
		Release|Any CPU = Release|Any CPU
	EndGlobalSection
	GlobalSection(ProjectConfigurationPlatforms) = postSolution
		{6637A20C-8D38-481E-B65D-FE7E9C446E41}.Debug|Any CPU.ActiveCfg = Debug|Any CPU
		{6637A20C-8D38-481E-B65D-FE7E9C446E41}.Debug|Any CPU.Build.0 = Debug|Any CPU
		{6637A20C-8D38-481E-B65D-FE7E9C446E41}.Release|Any CPU.ActiveCfg = Release|Any CPU
		{6637A20C-8D38-481E-B65D-FE7E9C446E41}.Release|Any CPU.Build.0 = Release|Any CPU
		{5F8F61AE-94D3-4E0E-A2B6-8C4BB8BEC750}.Debug|Any CPU.ActiveCfg = Debug|Any CPU
		{5F8F61AE-94D3-4E0E-A2B6-8C4BB8BEC750}.Debug|Any CPU.Build.0 = Debug|Any CPU
		{5F8F61AE-94D3-4E0E-A2B6-8C4BB8BEC750}.Release|Any CPU.ActiveCfg = Release|Any CPU
		{5F8F61AE-94D3-4E0E-A2B6-8C4BB8BEC750}.Release|Any CPU.Build.0 = Release|Any CPU
		{B8AE881B-883D-4C29-9BFA-4EC259ED4248}.Debug|Any CPU.ActiveCfg = Debug|Any CPU
		{B8AE881B-883D-4C29-9BFA-4EC259ED4248}.Debug|Any CPU.Build.0 = Debug|Any CPU
		{B8AE881B-883D-4C29-9BFA-4EC259ED4248}.Release|Any CPU.ActiveCfg = Release|Any CPU
		{B8AE881B-883D-4C29-9BFA-4EC259ED4248}.Release|Any CPU.Build.0 = Release|Any CPU
	EndGlobalSection
	GlobalSection(SolutionProperties) = preSolution
		HideSolutionNode = FALSE
	EndGlobalSection
	GlobalSection(ExtensibilityGlobals) = postSolution
		SolutionGuid = {5E7E7A5B-974B-42F4-A351-39699F4AE766}
	EndGlobalSection
EndGlobal
